
Microsoft Visual Studio Solution File, Format Version 12.00
# Visual Studio Version 17
VisualStudioVersion = 17.14.36518.9 d17.14
MinimumVisualStudioVersion = 10.0.40219.1
Project("{FAE04EC0-301F-11D3-BF4B-00C04F79EFBC}") = "Project_API_Note", "Project_API_Note\Project_API_Note.csproj", "{092E5ADE-4A61-4BCA-B3C8-6065C5B9508E}"
EndProject
Global
	GlobalSection(SolutionConfigurationPlatforms) = preSolution
		Debug|Any CPU = Debug|Any CPU
		Release|Any CPU = Release|Any CPU
	EndGlobalSection
	GlobalSection(ProjectConfigurationPlatforms) = postSolution
		{092E5ADE-4A61-4BCA-B3C8-6065C5B9508E}.Debug|Any CPU.ActiveCfg = Debug|Any CPU
		{092E5ADE-4A61-4BCA-B3C8-6065C5B9508E}.Debug|Any CPU.Build.0 = Debug|Any CPU
		{092E5ADE-4A61-4BCA-B3C8-6065C5B9508E}.Release|Any CPU.ActiveCfg = Release|Any CPU
		{092E5ADE-4A61-4BCA-B3C8-6065C5B9508E}.Release|Any CPU.Build.0 = Release|Any CPU
	EndGlobalSection
	GlobalSection(SolutionProperties) = preSolution
		HideSolutionNode = FALSE
	EndGlobalSection
	GlobalSection(ExtensibilityGlobals) = postSolution
		SolutionGuid = {54A018CD-361E-482B-BA04-1CF163A76603}
	EndGlobalSection
EndGlobal
